
Microsoft Visual Studio Solution File, Format Version 12.00
# Visual Studio Version 17
VisualStudioVersion = 17.9.34622.214
MinimumVisualStudioVersion = 10.0.40219.1
Project("{FAE04EC0-301F-11D3-BF4B-00C04F79EFBC}") = "FluxOS", "FluxOS\FluxOS.csproj", "{306BDE10-F52C-4F9D-B8B0-9018E96935EA}"
EndProject
Global
	GlobalSection(SolutionConfigurationPlatforms) = preSolution
		Debug|Any CPU = Debug|Any CPU
		Release|Any CPU = Release|Any CPU
	EndGlobalSection
	GlobalSection(ProjectConfigurationPlatforms) = postSolution
		{306BDE10-F52C-4F9D-B8B0-9018E96935EA}.Debug|Any CPU.ActiveCfg = Debug|Any CPU
		{306BDE10-F52C-4F9D-B8B0-9018E96935EA}.Debug|Any CPU.Build.0 = Debug|Any CPU
		{306BDE10-F52C-4F9D-B8B0-9018E96935EA}.Release|Any CPU.ActiveCfg = Release|Any CPU
		{306BDE10-F52C-4F9D-B8B0-9018E96935EA}.Release|Any CPU.Build.0 = Release|Any CPU
	EndGlobalSection
	GlobalSection(SolutionProperties) = preSolution
		HideSolutionNode = FALSE
	EndGlobalSection
	GlobalSection(ExtensibilityGlobals) = postSolution
		SolutionGuid = {10B1813A-8F30-4C01-8D8E-5C3DFF5CF695}
	EndGlobalSection
EndGlobal
